// !$*UTF8*$!
{
	archiveVersion = 1;
	classes = {
	};
	objectVersion = 50;
	objects = {

/* Begin PBXBuildFile section */
		3005920A2178E07200631B61 /* AppDelegate.swift in Sources */ = {isa = PBXBuildFile; fileRef = 300592092178E07200631B61 /* AppDelegate.swift */; };
		3005920C2178E07200631B61 /* ViewController.swift in Sources */ = {isa = PBXBuildFile; fileRef = 3005920B2178E07200631B61 /* ViewController.swift */; };
		3005920F2178E07200631B61 /* Main.storyboard in Resources */ = {isa = PBXBuildFile; fileRef = 3005920D2178E07200631B61 /* Main.storyboard */; };
		300592112178E07300631B61 /* Assets.xcassets in Resources */ = {isa = PBXBuildFile; fileRef = 300592102178E07300631B61 /* Assets.xcassets */; };
		300592142178E07300631B61 /* LaunchScreen.storyboard in Resources */ = {isa = PBXBuildFile; fileRef = 300592122178E07300631B61 /* LaunchScreen.storyboard */; };
		3005921F2178E07300631B61 /* starexplorerTests.swift in Sources */ = {isa = PBXBuildFile; fileRef = 3005921E2178E07300631B61 /* starexplorerTests.swift */; };
		3005922A2178E07300631B61 /* starexplorerUITests.swift in Sources */ = {isa = PBXBuildFile; fileRef = 300592292178E07300631B61 /* starexplorerUITests.swift */; };
		3005923C2178E39600631B61 /* SWAPIClient.swift in Sources */ = {isa = PBXBuildFile; fileRef = 3005923B2178E39600631B61 /* SWAPIClient.swift */; };
		3005923E2178E3CB00631B61 /* Planet.swift in Sources */ = {isa = PBXBuildFile; fileRef = 3005923D2178E3CB00631B61 /* Planet.swift */; };
		300592402178E3F200631B61 /* Resident.swift in Sources */ = {isa = PBXBuildFile; fileRef = 3005923F2178E3F200631B61 /* Resident.swift */; };
		300592422178E40C00631B61 /* Film.swift in Sources */ = {isa = PBXBuildFile; fileRef = 300592412178E40C00631B61 /* Film.swift */; };
		300592442178E43B00631B61 /* PlanetsTableViewController.swift in Sources */ = {isa = PBXBuildFile; fileRef = 300592432178E43B00631B61 /* PlanetsTableViewController.swift */; };
		300592462178E45600631B61 /* PlanetViewController.swift in Sources */ = {isa = PBXBuildFile; fileRef = 300592452178E45600631B61 /* PlanetViewController.swift */; };
		3005924A2179005B00631B61 /* PlanetCell.swift in Sources */ = {isa = PBXBuildFile; fileRef = 300592492179005B00631B61 /* PlanetCell.swift */; };
		30F9CF2B217B7CC000F71597 /* soloist1.ttf in Resources */ = {isa = PBXBuildFile; fileRef = 30F9CF2A217B7CC000F71597 /* soloist1.ttf */; };
		30F9CF2D217B7CE700F71597 /* soloistout.ttf in Resources */ = {isa = PBXBuildFile; fileRef = 30F9CF2C217B7CE700F71597 /* soloistout.ttf */; };
		30F9CF2F217B7DFC00F71597 /* SF Distant Galaxy Symbols.ttf in Resources */ = {isa = PBXBuildFile; fileRef = 30F9CF2E217B7DFC00F71597 /* SF Distant Galaxy Symbols.ttf */; };
		30F9CF31217B8E5F00F71597 /* FilmCell.swift in Sources */ = {isa = PBXBuildFile; fileRef = 30F9CF30217B8E5F00F71597 /* FilmCell.swift */; };
		30F9CF33217B90B300F71597 /* FilmsViewController.swift in Sources */ = {isa = PBXBuildFile; fileRef = 30F9CF32217B90B300F71597 /* FilmsViewController.swift */; };
		30F9CF35217BA48D00F71597 /* ResidentCell.swift in Sources */ = {isa = PBXBuildFile; fileRef = 30F9CF34217BA48C00F71597 /* ResidentCell.swift */; };
		30F9CF37217BA4A900F71597 /* ResidentsViewController.swift in Sources */ = {isa = PBXBuildFile; fileRef = 30F9CF36217BA4A900F71597 /* ResidentsViewController.swift */; };
		F0F07FF075E37E1BD1974E5E /* Pods_starexplorer.framework in Frameworks */ = {isa = PBXBuildFile; fileRef = F55406621EA4AAEEFD87F694 /* Pods_starexplorer.framework */; };
/* End PBXBuildFile section */

/* Begin PBXContainerItemProxy section */
		3005921B2178E07300631B61 /* PBXContainerItemProxy */ = {
			isa = PBXContainerItemProxy;
			containerPortal = 300591FE2178E07200631B61 /* Project object */;
			proxyType = 1;
			remoteGlobalIDString = 300592052178E07200631B61;
			remoteInfo = starexplorer;
		};
		300592262178E07300631B61 /* PBXContainerItemProxy */ = {
			isa = PBXContainerItemProxy;
			containerPortal = 300591FE2178E07200631B61 /* Project object */;
			proxyType = 1;
			remoteGlobalIDString = 300592052178E07200631B61;
			remoteInfo = starexplorer;
		};
/* End PBXContainerItemProxy section */

/* Begin PBXFileReference section */
		300592062178E07200631B61 /* starexplorer.app */ = {isa = PBXFileReference; explicitFileType = wrapper.application; includeInIndex = 0; path = starexplorer.app; sourceTree = BUILT_PRODUCTS_DIR; };
		300592092178E07200631B61 /* AppDelegate.swift */ = {isa = PBXFileReference; lastKnownFileType = sourcecode.swift; path = AppDelegate.swift; sourceTree = "<group>"; };
		3005920B2178E07200631B61 /* ViewController.swift */ = {isa = PBXFileReference; lastKnownFileType = sourcecode.swift; path = ViewController.swift; sourceTree = "<group>"; };
		3005920E2178E07200631B61 /* Base */ = {isa = PBXFileReference; lastKnownFileType = file.storyboard; name = Base; path = Base.lproj/Main.storyboard; sourceTree = "<group>"; };
		300592102178E07300631B61 /* Assets.xcassets */ = {isa = PBXFileReference; lastKnownFileType = folder.assetcatalog; path = Assets.xcassets; sourceTree = "<group>"; };
		300592132178E07300631B61 /* Base */ = {isa = PBXFileReference; lastKnownFileType = file.storyboard; name = Base; path = Base.lproj/LaunchScreen.storyboard; sourceTree = "<group>"; };
		300592152178E07300631B61 /* Info.plist */ = {isa = PBXFileReference; lastKnownFileType = text.plist.xml; path = Info.plist; sourceTree = "<group>"; };
		3005921A2178E07300631B61 /* starexplorerTests.xctest */ = {isa = PBXFileReference; explicitFileType = wrapper.cfbundle; includeInIndex = 0; path = starexplorerTests.xctest; sourceTree = BUILT_PRODUCTS_DIR; };
		3005921E2178E07300631B61 /* starexplorerTests.swift */ = {isa = PBXFileReference; lastKnownFileType = sourcecode.swift; path = starexplorerTests.swift; sourceTree = "<group>"; };
		300592202178E07300631B61 /* Info.plist */ = {isa = PBXFileReference; lastKnownFileType = text.plist.xml; path = Info.plist; sourceTree = "<group>"; };
		300592252178E07300631B61 /* starexplorerUITests.xctest */ = {isa = PBXFileReference; explicitFileType = wrapper.cfbundle; includeInIndex = 0; path = starexplorerUITests.xctest; sourceTree = BUILT_PRODUCTS_DIR; };
		300592292178E07300631B61 /* starexplorerUITests.swift */ = {isa = PBXFileReference; lastKnownFileType = sourcecode.swift; path = starexplorerUITests.swift; sourceTree = "<group>"; };
		3005922B2178E07300631B61 /* Info.plist */ = {isa = PBXFileReference; lastKnownFileType = text.plist.xml; path = Info.plist; sourceTree = "<group>"; };
		3005923B2178E39600631B61 /* SWAPIClient.swift */ = {isa = PBXFileReference; lastKnownFileType = sourcecode.swift; path = SWAPIClient.swift; sourceTree = "<group>"; };
		3005923D2178E3CB00631B61 /* Planet.swift */ = {isa = PBXFileReference; lastKnownFileType = sourcecode.swift; path = Planet.swift; sourceTree = "<group>"; };
		3005923F2178E3F200631B61 /* Resident.swift */ = {isa = PBXFileReference; lastKnownFileType = sourcecode.swift; path = Resident.swift; sourceTree = "<group>"; };
		300592412178E40C00631B61 /* Film.swift */ = {isa = PBXFileReference; lastKnownFileType = sourcecode.swift; path = Film.swift; sourceTree = "<group>"; };
		300592432178E43B00631B61 /* PlanetsTableViewController.swift */ = {isa = PBXFileReference; lastKnownFileType = sourcecode.swift; path = PlanetsTableViewController.swift; sourceTree = "<group>"; };
		300592452178E45600631B61 /* PlanetViewController.swift */ = {isa = PBXFileReference; lastKnownFileType = sourcecode.swift; path = PlanetViewController.swift; sourceTree = "<group>"; };
		300592492179005B00631B61 /* PlanetCell.swift */ = {isa = PBXFileReference; lastKnownFileType = sourcecode.swift; path = PlanetCell.swift; sourceTree = "<group>"; };
		30F9CF2A217B7CC000F71597 /* soloist1.ttf */ = {isa = PBXFileReference; lastKnownFileType = file; path = soloist1.ttf; sourceTree = "<group>"; };
		30F9CF2C217B7CE700F71597 /* soloistout.ttf */ = {isa = PBXFileReference; lastKnownFileType = file; path = soloistout.ttf; sourceTree = "<group>"; };
		30F9CF2E217B7DFC00F71597 /* SF Distant Galaxy Symbols.ttf */ = {isa = PBXFileReference; lastKnownFileType = file; path = "SF Distant Galaxy Symbols.ttf"; sourceTree = "<group>"; };
		30F9CF30217B8E5F00F71597 /* FilmCell.swift */ = {isa = PBXFileReference; lastKnownFileType = sourcecode.swift; path = FilmCell.swift; sourceTree = "<group>"; };
		30F9CF32217B90B300F71597 /* FilmsViewController.swift */ = {isa = PBXFileReference; lastKnownFileType = sourcecode.swift; path = FilmsViewController.swift; sourceTree = "<group>"; };
		30F9CF34217BA48C00F71597 /* ResidentCell.swift */ = {isa = PBXFileReference; lastKnownFileType = sourcecode.swift; path = ResidentCell.swift; sourceTree = "<group>"; };
		30F9CF36217BA4A900F71597 /* ResidentsViewController.swift */ = {isa = PBXFileReference; lastKnownFileType = sourcecode.swift; path = ResidentsViewController.swift; sourceTree = "<group>"; };
		39061ECB5B508DDEBD11E333 /* Pods-starexplorer.release.xcconfig */ = {isa = PBXFileReference; includeInIndex = 1; lastKnownFileType = text.xcconfig; name = "Pods-starexplorer.release.xcconfig"; path = "Pods/Target Support Files/Pods-starexplorer/Pods-starexplorer.release.xcconfig"; sourceTree = "<group>"; };
		EB35B815DC6FC1517AAB46AA /* Pods-starexplorer.debug.xcconfig */ = {isa = PBXFileReference; includeInIndex = 1; lastKnownFileType = text.xcconfig; name = "Pods-starexplorer.debug.xcconfig"; path = "Pods/Target Support Files/Pods-starexplorer/Pods-starexplorer.debug.xcconfig"; sourceTree = "<group>"; };
		F55406621EA4AAEEFD87F694 /* Pods_starexplorer.framework */ = {isa = PBXFileReference; explicitFileType = wrapper.framework; includeInIndex = 0; path = Pods_starexplorer.framework; sourceTree = BUILT_PRODUCTS_DIR; };
/* End PBXFileReference section */

/* Begin PBXFrameworksBuildPhase section */
		300592032178E07200631B61 /* Frameworks */ = {
			isa = PBXFrameworksBuildPhase;
			buildActionMask = 2147483647;
			files = (
				F0F07FF075E37E1BD1974E5E /* Pods_starexplorer.framework in Frameworks */,
			);
			runOnlyForDeploymentPostprocessing = 0;
		};
		300592172178E07300631B61 /* Frameworks */ = {
			isa = PBXFrameworksBuildPhase;
			buildActionMask = 2147483647;
			files = (
			);
			runOnlyForDeploymentPostprocessing = 0;
		};
		300592222178E07300631B61 /* Frameworks */ = {
			isa = PBXFrameworksBuildPhase;
			buildActionMask = 2147483647;
			files = (
			);
			runOnlyForDeploymentPostprocessing = 0;
		};
/* End PBXFrameworksBuildPhase section */

/* Begin PBXGroup section */
		19DA29792FCAC3A900792907 /* Pods */ = {
			isa = PBXGroup;
			children = (
				EB35B815DC6FC1517AAB46AA /* Pods-starexplorer.debug.xcconfig */,
				39061ECB5B508DDEBD11E333 /* Pods-starexplorer.release.xcconfig */,
			);
			name = Pods;
			sourceTree = "<group>";
		};
		300591FD2178E07200631B61 = {
			isa = PBXGroup;
			children = (
				300592082178E07200631B61 /* starexplorer */,
				3005921D2178E07300631B61 /* starexplorerTests */,
				300592282178E07300631B61 /* starexplorerUITests */,
				300592072178E07200631B61 /* Products */,
				19DA29792FCAC3A900792907 /* Pods */,
				EEAC603720F91C7EB7C64168 /* Frameworks */,
			);
			sourceTree = "<group>";
		};
		300592072178E07200631B61 /* Products */ = {
			isa = PBXGroup;
			children = (
				300592062178E07200631B61 /* starexplorer.app */,
				3005921A2178E07300631B61 /* starexplorerTests.xctest */,
				300592252178E07300631B61 /* starexplorerUITests.xctest */,
			);
			name = Products;
			sourceTree = "<group>";
		};
		300592082178E07200631B61 /* starexplorer */ = {
			isa = PBXGroup;
			children = (
				30F9CF27217B7C6F00F71597 /* Fonts */,
				3005923A2178E22000631B61 /* Services */,
				300592392178E1DD00631B61 /* Views */,
				300592382178E1D300631B61 /* Models */,
				300592372178E16A00631B61 /* Controllers */,
				300592092178E07200631B61 /* AppDelegate.swift */,
				3005920B2178E07200631B61 /* ViewController.swift */,
				300592102178E07300631B61 /* Assets.xcassets */,
				300592152178E07300631B61 /* Info.plist */,
			);
			path = starexplorer;
			sourceTree = "<group>";
		};
		3005921D2178E07300631B61 /* starexplorerTests */ = {
			isa = PBXGroup;
			children = (
				3005921E2178E07300631B61 /* starexplorerTests.swift */,
				300592202178E07300631B61 /* Info.plist */,
			);
			path = starexplorerTests;
			sourceTree = "<group>";
		};
		300592282178E07300631B61 /* starexplorerUITests */ = {
			isa = PBXGroup;
			children = (
				300592292178E07300631B61 /* starexplorerUITests.swift */,
				3005922B2178E07300631B61 /* Info.plist */,
			);
			path = starexplorerUITests;
			sourceTree = "<group>";
		};
		300592372178E16A00631B61 /* Controllers */ = {
			isa = PBXGroup;
			children = (
				300592432178E43B00631B61 /* PlanetsTableViewController.swift */,
				300592452178E45600631B61 /* PlanetViewController.swift */,
				30F9CF32217B90B300F71597 /* FilmsViewController.swift */,
				30F9CF36217BA4A900F71597 /* ResidentsViewController.swift */,
			);
			path = Controllers;
			sourceTree = "<group>";
		};
		300592382178E1D300631B61 /* Models */ = {
			isa = PBXGroup;
			children = (
				3005923D2178E3CB00631B61 /* Planet.swift */,
				3005923F2178E3F200631B61 /* Resident.swift */,
				300592412178E40C00631B61 /* Film.swift */,
			);
			path = Models;
			sourceTree = "<group>";
		};
		300592392178E1DD00631B61 /* Views */ = {
			isa = PBXGroup;
			children = (
				3005920D2178E07200631B61 /* Main.storyboard */,
				300592122178E07300631B61 /* LaunchScreen.storyboard */,
				300592492179005B00631B61 /* PlanetCell.swift */,
				30F9CF30217B8E5F00F71597 /* FilmCell.swift */,
				30F9CF34217BA48C00F71597 /* ResidentCell.swift */,
			);
			path = Views;
			sourceTree = "<group>";
		};
		3005923A2178E22000631B61 /* Services */ = {
			isa = PBXGroup;
			children = (
				3005923B2178E39600631B61 /* SWAPIClient.swift */,
			);
			path = Services;
			sourceTree = "<group>";
		};
		30F9CF27217B7C6F00F71597 /* Fonts */ = {
			isa = PBXGroup;
			children = (
				30F9CF2E217B7DFC00F71597 /* SF Distant Galaxy Symbols.ttf */,
				30F9CF2C217B7CE700F71597 /* soloistout.ttf */,
				30F9CF2A217B7CC000F71597 /* soloist1.ttf */,
			);
			path = Fonts;
			sourceTree = "<group>";
		};
		EEAC603720F91C7EB7C64168 /* Frameworks */ = {
			isa = PBXGroup;
			children = (
				F55406621EA4AAEEFD87F694 /* Pods_starexplorer.framework */,
			);
			name = Frameworks;
			sourceTree = "<group>";
		};
/* End PBXGroup section */

/* Begin PBXNativeTarget section */
		300592052178E07200631B61 /* starexplorer */ = {
			isa = PBXNativeTarget;
			buildConfigurationList = 3005922E2178E07300631B61 /* Build configuration list for PBXNativeTarget "starexplorer" */;
			buildPhases = (
				5A8A1DBFC3EE193197482C1B /* [CP] Check Pods Manifest.lock */,
				300592022178E07200631B61 /* Sources */,
				300592032178E07200631B61 /* Frameworks */,
				300592042178E07200631B61 /* Resources */,
				5E3E82A401C4F57C07EA7BA5 /* [CP] Embed Pods Frameworks */,
			);
			buildRules = (
			);
			dependencies = (
			);
			name = starexplorer;
			productName = starexplorer;
			productReference = 300592062178E07200631B61 /* starexplorer.app */;
			productType = "com.apple.product-type.application";
		};
		300592192178E07300631B61 /* starexplorerTests */ = {
			isa = PBXNativeTarget;
			buildConfigurationList = 300592312178E07300631B61 /* Build configuration list for PBXNativeTarget "starexplorerTests" */;
			buildPhases = (
				300592162178E07300631B61 /* Sources */,
				300592172178E07300631B61 /* Frameworks */,
				300592182178E07300631B61 /* Resources */,
			);
			buildRules = (
			);
			dependencies = (
				3005921C2178E07300631B61 /* PBXTargetDependency */,
			);
			name = starexplorerTests;
			productName = starexplorerTests;
			productReference = 3005921A2178E07300631B61 /* starexplorerTests.xctest */;
			productType = "com.apple.product-type.bundle.unit-test";
		};
		300592242178E07300631B61 /* starexplorerUITests */ = {
			isa = PBXNativeTarget;
			buildConfigurationList = 300592342178E07300631B61 /* Build configuration list for PBXNativeTarget "starexplorerUITests" */;
			buildPhases = (
				300592212178E07300631B61 /* Sources */,
				300592222178E07300631B61 /* Frameworks */,
				300592232178E07300631B61 /* Resources */,
			);
			buildRules = (
			);
			dependencies = (
				300592272178E07300631B61 /* PBXTargetDependency */,
			);
			name = starexplorerUITests;
			productName = starexplorerUITests;
			productReference = 300592252178E07300631B61 /* starexplorerUITests.xctest */;
			productType = "com.apple.product-type.bundle.ui-testing";
		};
/* End PBXNativeTarget section */

/* Begin PBXProject section */
		300591FE2178E07200631B61 /* Project object */ = {
			isa = PBXProject;
			attributes = {
				LastSwiftUpdateCheck = 1000;
				LastUpgradeCheck = 1000;
				ORGANIZATIONNAME = AFDanny;
				TargetAttributes = {
					300592052178E07200631B61 = {
						CreatedOnToolsVersion = 10.0;
					};
					300592192178E07300631B61 = {
						CreatedOnToolsVersion = 10.0;
						TestTargetID = 300592052178E07200631B61;
					};
					300592242178E07300631B61 = {
						CreatedOnToolsVersion = 10.0;
						TestTargetID = 300592052178E07200631B61;
					};
				};
			};
			buildConfigurationList = 300592012178E07200631B61 /* Build configuration list for PBXProject "Star Explorer" */;
			compatibilityVersion = "Xcode 9.3";
			developmentRegion = en;
			hasScannedForEncodings = 0;
			knownRegions = (
				en,
				Base,
			);
			mainGroup = 300591FD2178E07200631B61;
			productRefGroup = 300592072178E07200631B61 /* Products */;
			projectDirPath = "";
			projectRoot = "";
			targets = (
				300592052178E07200631B61 /* starexplorer */,
				300592192178E07300631B61 /* starexplorerTests */,
				300592242178E07300631B61 /* starexplorerUITests */,
			);
		};
/* End PBXProject section */

/* Begin PBXResourcesBuildPhase section */
		300592042178E07200631B61 /* Resources */ = {
			isa = PBXResourcesBuildPhase;
			buildActionMask = 2147483647;
			files = (
				300592142178E07300631B61 /* LaunchScreen.storyboard in Resources */,
				300592112178E07300631B61 /* Assets.xcassets in Resources */,
				30F9CF2F217B7DFC00F71597 /* SF Distant Galaxy Symbols.ttf in Resources */,
				30F9CF2B217B7CC000F71597 /* soloist1.ttf in Resources */,
				30F9CF2D217B7CE700F71597 /* soloistout.ttf in Resources */,
				3005920F2178E07200631B61 /* Main.storyboard in Resources */,
			);
			runOnlyForDeploymentPostprocessing = 0;
		};
		300592182178E07300631B61 /* Resources */ = {
			isa = PBXResourcesBuildPhase;
			buildActionMask = 2147483647;
			files = (
			);
			runOnlyForDeploymentPostprocessing = 0;
		};
		300592232178E07300631B61 /* Resources */ = {
			isa = PBXResourcesBuildPhase;
			buildActionMask = 2147483647;
			files = (
			);
			runOnlyForDeploymentPostprocessing = 0;
		};
/* End PBXResourcesBuildPhase section */

/* Begin PBXShellScriptBuildPhase section */
		5A8A1DBFC3EE193197482C1B /* [CP] Check Pods Manifest.lock */ = {
			isa = PBXShellScriptBuildPhase;
			buildActionMask = 2147483647;
			files = (
			);
			inputFileListPaths = (
			);
			inputPaths = (
				"${PODS_PODFILE_DIR_PATH}/Podfile.lock",
				"${PODS_ROOT}/Manifest.lock",
			);
			name = "[CP] Check Pods Manifest.lock";
			outputFileListPaths = (
			);
			outputPaths = (
				"$(DERIVED_FILE_DIR)/Pods-starexplorer-checkManifestLockResult.txt",
			);
			runOnlyForDeploymentPostprocessing = 0;
			shellPath = /bin/sh;
			shellScript = "diff \"${PODS_PODFILE_DIR_PATH}/Podfile.lock\" \"${PODS_ROOT}/Manifest.lock\" > /dev/null\nif [ $? != 0 ] ; then\n    # print error to STDERR\n    echo \"error: The sandbox is not in sync with the Podfile.lock. Run 'pod install' or update your CocoaPods installation.\" >&2\n    exit 1\nfi\n# This output is used by Xcode 'outputs' to avoid re-running this script phase.\necho \"SUCCESS\" > \"${SCRIPT_OUTPUT_FILE_0}\"\n";
			showEnvVarsInLog = 0;
		};
		5E3E82A401C4F57C07EA7BA5 /* [CP] Embed Pods Frameworks */ = {
			isa = PBXShellScriptBuildPhase;
			buildActionMask = 2147483647;
			files = (
			);
			inputFileListPaths = (
			);
			inputPaths = (
				"${SRCROOT}/Pods/Target Support Files/Pods-starexplorer/Pods-starexplorer-frameworks.sh",
				"${BUILT_PRODUCTS_DIR}/SwiftyJSON/SwiftyJSON.framework",
			);
			name = "[CP] Embed Pods Frameworks";
			outputFileListPaths = (
			);
			outputPaths = (
				"${TARGET_BUILD_DIR}/${FRAMEWORKS_FOLDER_PATH}/SwiftyJSON.framework",
			);
			runOnlyForDeploymentPostprocessing = 0;
			shellPath = /bin/sh;
			shellScript = "\"${SRCROOT}/Pods/Target Support Files/Pods-starexplorer/Pods-starexplorer-frameworks.sh\"\n";
			showEnvVarsInLog = 0;
		};
/* End PBXShellScriptBuildPhase section */

/* Begin PBXSourcesBuildPhase section */
		300592022178E07200631B61 /* Sources */ = {
			isa = PBXSourcesBuildPhase;
			buildActionMask = 2147483647;
			files = (
				30F9CF33217B90B300F71597 /* FilmsViewController.swift in Sources */,
				300592462178E45600631B61 /* PlanetViewController.swift in Sources */,
				3005920C2178E07200631B61 /* ViewController.swift in Sources */,
				30F9CF35217BA48D00F71597 /* ResidentCell.swift in Sources */,
				300592422178E40C00631B61 /* Film.swift in Sources */,
				3005923C2178E39600631B61 /* SWAPIClient.swift in Sources */,
				3005920A2178E07200631B61 /* AppDelegate.swift in Sources */,
				3005923E2178E3CB00631B61 /* Planet.swift in Sources */,
				3005924A2179005B00631B61 /* PlanetCell.swift in Sources */,
				300592402178E3F200631B61 /* Resident.swift in Sources */,
				30F9CF37217BA4A900F71597 /* ResidentsViewController.swift in Sources */,
				300592442178E43B00631B61 /* PlanetsTableViewController.swift in Sources */,
				30F9CF31217B8E5F00F71597 /* FilmCell.swift in Sources */,
			);
			runOnlyForDeploymentPostprocessing = 0;
		};
		300592162178E07300631B61 /* Sources */ = {
			isa = PBXSourcesBuildPhase;
			buildActionMask = 2147483647;
			files = (
				3005921F2178E07300631B61 /* starexplorerTests.swift in Sources */,
			);
			runOnlyForDeploymentPostprocessing = 0;
		};
		300592212178E07300631B61 /* Sources */ = {
			isa = PBXSourcesBuildPhase;
			buildActionMask = 2147483647;
			files = (
				3005922A2178E07300631B61 /* starexplorerUITests.swift in Sources */,
			);
			runOnlyForDeploymentPostprocessing = 0;
		};
/* End PBXSourcesBuildPhase section */

/* Begin PBXTargetDependency section */
		3005921C2178E07300631B61 /* PBXTargetDependency */ = {
			isa = PBXTargetDependency;
			target = 300592052178E07200631B61 /* starexplorer */;
			targetProxy = 3005921B2178E07300631B61 /* PBXContainerItemProxy */;
		};
		300592272178E07300631B61 /* PBXTargetDependency */ = {
			isa = PBXTargetDependency;
			target = 300592052178E07200631B61 /* starexplorer */;
			targetProxy = 300592262178E07300631B61 /* PBXContainerItemProxy */;
		};
/* End PBXTargetDependency section */

/* Begin PBXVariantGroup section */
		3005920D2178E07200631B61 /* Main.storyboard */ = {
			isa = PBXVariantGroup;
			children = (
				3005920E2178E07200631B61 /* Base */,
			);
			name = Main.storyboard;
			sourceTree = "<group>";
		};
		300592122178E07300631B61 /* LaunchScreen.storyboard */ = {
			isa = PBXVariantGroup;
			children = (
				300592132178E07300631B61 /* Base */,
			);
			name = LaunchScreen.storyboard;
			sourceTree = "<group>";
		};
/* End PBXVariantGroup section */

/* Begin XCBuildConfiguration section */
		3005922C2178E07300631B61 /* Debug */ = {
			isa = XCBuildConfiguration;
			buildSettings = {
				ALWAYS_SEARCH_USER_PATHS = NO;
				CLANG_ANALYZER_NONNULL = YES;
				CLANG_ANALYZER_NUMBER_OBJECT_CONVERSION = YES_AGGRESSIVE;
				CLANG_CXX_LANGUAGE_STANDARD = "gnu++14";
				CLANG_CXX_LIBRARY = "libc++";
				CLANG_ENABLE_MODULES = YES;
				CLANG_ENABLE_OBJC_ARC = YES;
				CLANG_ENABLE_OBJC_WEAK = YES;
				CLANG_WARN_BLOCK_CAPTURE_AUTORELEASING = YES;
				CLANG_WARN_BOOL_CONVERSION = YES;
				CLANG_WARN_COMMA = YES;
				CLANG_WARN_CONSTANT_CONVERSION = YES;
				CLANG_WARN_DEPRECATED_OBJC_IMPLEMENTATIONS = YES;
				CLANG_WARN_DIRECT_OBJC_ISA_USAGE = YES_ERROR;
				CLANG_WARN_DOCUMENTATION_COMMENTS = YES;
				CLANG_WARN_EMPTY_BODY = YES;
				CLANG_WARN_ENUM_CONVERSION = YES;
				CLANG_WARN_INFINITE_RECURSION = YES;
				CLANG_WARN_INT_CONVERSION = YES;
				CLANG_WARN_NON_LITERAL_NULL_CONVERSION = YES;
				CLANG_WARN_OBJC_IMPLICIT_RETAIN_SELF = YES;
				CLANG_WARN_OBJC_LITERAL_CONVERSION = YES;
				CLANG_WARN_OBJC_ROOT_CLASS = YES_ERROR;
				CLANG_WARN_RANGE_LOOP_ANALYSIS = YES;
				CLANG_WARN_STRICT_PROTOTYPES = YES;
				CLANG_WARN_SUSPICIOUS_MOVE = YES;
				CLANG_WARN_UNGUARDED_AVAILABILITY = YES_AGGRESSIVE;
				CLANG_WARN_UNREACHABLE_CODE = YES;
				CLANG_WARN__DUPLICATE_METHOD_MATCH = YES;
				CODE_SIGN_IDENTITY = "iPhone Developer";
				COPY_PHASE_STRIP = NO;
				DEBUG_INFORMATION_FORMAT = dwarf;
				ENABLE_STRICT_OBJC_MSGSEND = YES;
				ENABLE_TESTABILITY = YES;
				GCC_C_LANGUAGE_STANDARD = gnu11;
				GCC_DYNAMIC_NO_PIC = NO;
				GCC_NO_COMMON_BLOCKS = YES;
				GCC_OPTIMIZATION_LEVEL = 0;
				GCC_PREPROCESSOR_DEFINITIONS = (
					"DEBUG=1",
					"$(inherited)",
				);
				GCC_WARN_64_TO_32_BIT_CONVERSION = YES;
				GCC_WARN_ABOUT_RETURN_TYPE = YES_ERROR;
				GCC_WARN_UNDECLARED_SELECTOR = YES;
				GCC_WARN_UNINITIALIZED_AUTOS = YES_AGGRESSIVE;
				GCC_WARN_UNUSED_FUNCTION = YES;
				GCC_WARN_UNUSED_VARIABLE = YES;
				IPHONEOS_DEPLOYMENT_TARGET = 12.0;
				MTL_ENABLE_DEBUG_INFO = INCLUDE_SOURCE;
				MTL_FAST_MATH = YES;
				ONLY_ACTIVE_ARCH = YES;
				SDKROOT = iphoneos;
				SWIFT_ACTIVE_COMPILATION_CONDITIONS = DEBUG;
				SWIFT_OPTIMIZATION_LEVEL = "-Onone";
			};
			name = Debug;
		};
		3005922D2178E07300631B61 /* Release */ = {
			isa = XCBuildConfiguration;
			buildSettings = {
				ALWAYS_SEARCH_USER_PATHS = NO;
				CLANG_ANALYZER_NONNULL = YES;
				CLANG_ANALYZER_NUMBER_OBJECT_CONVERSION = YES_AGGRESSIVE;
				CLANG_CXX_LANGUAGE_STANDARD = "gnu++14";
				CLANG_CXX_LIBRARY = "libc++";
				CLANG_ENABLE_MODULES = YES;
				CLANG_ENABLE_OBJC_ARC = YES;
				CLANG_ENABLE_OBJC_WEAK = YES;
				CLANG_WARN_BLOCK_CAPTURE_AUTORELEASING = YES;
				CLANG_WARN_BOOL_CONVERSION = YES;
				CLANG_WARN_COMMA = YES;
				CLANG_WARN_CONSTANT_CONVERSION = YES;
				CLANG_WARN_DEPRECATED_OBJC_IMPLEMENTATIONS = YES;
				CLANG_WARN_DIRECT_OBJC_ISA_USAGE = YES_ERROR;
				CLANG_WARN_DOCUMENTATION_COMMENTS = YES;
				CLANG_WARN_EMPTY_BODY = YES;
				CLANG_WARN_ENUM_CONVERSION = YES;
				CLANG_WARN_INFINITE_RECURSION = YES;
				CLANG_WARN_INT_CONVERSION = YES;
				CLANG_WARN_NON_LITERAL_NULL_CONVERSION = YES;
				CLANG_WARN_OBJC_IMPLICIT_RETAIN_SELF = YES;
				CLANG_WARN_OBJC_LITERAL_CONVERSION = YES;
				CLANG_WARN_OBJC_ROOT_CLASS = YES_ERROR;
				CLANG_WARN_RANGE_LOOP_ANALYSIS = YES;
				CLANG_WARN_STRICT_PROTOTYPES = YES;
				CLANG_WARN_SUSPICIOUS_MOVE = YES;
				CLANG_WARN_UNGUARDED_AVAILABILITY = YES_AGGRESSIVE;
				CLANG_WARN_UNREACHABLE_CODE = YES;
				CLANG_WARN__DUPLICATE_METHOD_MATCH = YES;
				CODE_SIGN_IDENTITY = "iPhone Developer";
				COPY_PHASE_STRIP = NO;
				DEBUG_INFORMATION_FORMAT = "dwarf-with-dsym";
				ENABLE_NS_ASSERTIONS = NO;
				ENABLE_STRICT_OBJC_MSGSEND = YES;
				GCC_C_LANGUAGE_STANDARD = gnu11;
				GCC_NO_COMMON_BLOCKS = YES;
				GCC_WARN_64_TO_32_BIT_CONVERSION = YES;
				GCC_WARN_ABOUT_RETURN_TYPE = YES_ERROR;
				GCC_WARN_UNDECLARED_SELECTOR = YES;
				GCC_WARN_UNINITIALIZED_AUTOS = YES_AGGRESSIVE;
				GCC_WARN_UNUSED_FUNCTION = YES;
				GCC_WARN_UNUSED_VARIABLE = YES;
				IPHONEOS_DEPLOYMENT_TARGET = 12.0;
				MTL_ENABLE_DEBUG_INFO = NO;
				MTL_FAST_MATH = YES;
				SDKROOT = iphoneos;
				SWIFT_COMPILATION_MODE = wholemodule;
				SWIFT_OPTIMIZATION_LEVEL = "-O";
				VALIDATE_PRODUCT = YES;
			};
			name = Release;
		};
		3005922F2178E07300631B61 /* Debug */ = {
			isa = XCBuildConfiguration;
			baseConfigurationReference = EB35B815DC6FC1517AAB46AA /* Pods-starexplorer.debug.xcconfig */;
			buildSettings = {
				ASSETCATALOG_COMPILER_APPICON_NAME = AppIcon;
				CODE_SIGN_STYLE = Automatic;
				DEVELOPMENT_TEAM = UFGT4SQH73;
				INFOPLIST_FILE = starexplorer/Info.plist;
				IPHONEOS_DEPLOYMENT_TARGET = 12.0;
				LD_RUNPATH_SEARCH_PATHS = (
					"$(inherited)",
					"@executable_path/Frameworks",
				);
				PRODUCT_BUNDLE_IDENTIFIER = ch.afdanny.starexplorer;
				PRODUCT_NAME = "$(TARGET_NAME)";
				SWIFT_VERSION = 4.2;
				TARGETED_DEVICE_FAMILY = "1,2";
			};
			name = Debug;
		};
		300592302178E07300631B61 /* Release */ = {
			isa = XCBuildConfiguration;
			baseConfigurationReference = 39061ECB5B508DDEBD11E333 /* Pods-starexplorer.release.xcconfig */;
			buildSettings = {
				ASSETCATALOG_COMPILER_APPICON_NAME = AppIcon;
				CODE_SIGN_STYLE = Automatic;
				DEVELOPMENT_TEAM = UFGT4SQH73;
				INFOPLIST_FILE = starexplorer/Info.plist;
				IPHONEOS_DEPLOYMENT_TARGET = 12.0;
				LD_RUNPATH_SEARCH_PATHS = (
					"$(inherited)",
					"@executable_path/Frameworks",
				);
				PRODUCT_BUNDLE_IDENTIFIER = ch.afdanny.starexplorer;
				PRODUCT_NAME = "$(TARGET_NAME)";
				SWIFT_VERSION = 4.2;
				TARGETED_DEVICE_FAMILY = "1,2";
			};
			name = Release;
		};
		300592322178E07300631B61 /* Debug */ = {
			isa = XCBuildConfiguration;
			buildSettings = {
				ALWAYS_EMBED_SWIFT_STANDARD_LIBRARIES = YES;
				BUNDLE_LOADER = "$(TEST_HOST)";
				CODE_SIGN_STYLE = Automatic;
				INFOPLIST_FILE = starexplorerTests/Info.plist;
				LD_RUNPATH_SEARCH_PATHS = (
					"$(inherited)",
					"@executable_path/Frameworks",
					"@loader_path/Frameworks",
				);
				PRODUCT_BUNDLE_IDENTIFIER = ch.afdanny.starexplorerTests;
				PRODUCT_NAME = "$(TARGET_NAME)";
				SWIFT_VERSION = 4.2;
				TARGETED_DEVICE_FAMILY = "1,2";
				TEST_HOST = "$(BUILT_PRODUCTS_DIR)/starexplorer.app/starexplorer";
			};
			name = Debug;
		};
		300592332178E07300631B61 /* Release */ = {
			isa = XCBuildConfiguration;
			buildSettings = {
				ALWAYS_EMBED_SWIFT_STANDARD_LIBRARIES = YES;
				BUNDLE_LOADER = "$(TEST_HOST)";
				CODE_SIGN_STYLE = Automatic;
				INFOPLIST_FILE = starexplorerTests/Info.plist;
				LD_RUNPATH_SEARCH_PATHS = (
					"$(inherited)",
					"@executable_path/Frameworks",
					"@loader_path/Frameworks",
				);
				PRODUCT_BUNDLE_IDENTIFIER = ch.afdanny.starexplorerTests;
				PRODUCT_NAME = "$(TARGET_NAME)";
				SWIFT_VERSION = 4.2;
				TARGETED_DEVICE_FAMILY = "1,2";
				TEST_HOST = "$(BUILT_PRODUCTS_DIR)/starexplorer.app/starexplorer";
			};
			name = Release;
		};
		300592352178E07300631B61 /* Debug */ = {
			isa = XCBuildConfiguration;
			buildSettings = {
				ALWAYS_EMBED_SWIFT_STANDARD_LIBRARIES = YES;
				CODE_SIGN_STYLE = Automatic;
				INFOPLIST_FILE = starexplorerUITests/Info.plist;
				LD_RUNPATH_SEARCH_PATHS = (
					"$(inherited)",
					"@executable_path/Frameworks",
					"@loader_path/Frameworks",
				);
				PRODUCT_BUNDLE_IDENTIFIER = ch.afdanny.starexplorerUITests;
				PRODUCT_NAME = "$(TARGET_NAME)";
				SWIFT_VERSION = 4.2;
				TARGETED_DEVICE_FAMILY = "1,2";
				TEST_TARGET_NAME = starexplorer;
			};
			name = Debug;
		};
		300592362178E07300631B61 /* Release */ = {
			isa = XCBuildConfiguration;
			buildSettings = {
				ALWAYS_EMBED_SWIFT_STANDARD_LIBRARIES = YES;
				CODE_SIGN_STYLE = Automatic;
				INFOPLIST_FILE = starexplorerUITests/Info.plist;
				LD_RUNPATH_SEARCH_PATHS = (
					"$(inherited)",
					"@executable_path/Frameworks",
					"@loader_path/Frameworks",
				);
				PRODUCT_BUNDLE_IDENTIFIER = ch.afdanny.starexplorerUITests;
				PRODUCT_NAME = "$(TARGET_NAME)";
				SWIFT_VERSION = 4.2;
				TARGETED_DEVICE_FAMILY = "1,2";
				TEST_TARGET_NAME = starexplorer;
			};
			name = Release;
		};
/* End XCBuildConfiguration section */

/* Begin XCConfigurationList section */
		300592012178E07200631B61 /* Build configuration list for PBXProject "Star Explorer" */ = {
			isa = XCConfigurationList;
			buildConfigurations = (
				3005922C2178E07300631B61 /* Debug */,
				3005922D2178E07300631B61 /* Release */,
			);
			defaultConfigurationIsVisible = 0;
			defaultConfigurationName = Release;
		};
		3005922E2178E07300631B61 /* Build configuration list for PBXNativeTarget "starexplorer" */ = {
			isa = XCConfigurationList;
			buildConfigurations = (
				3005922F2178E07300631B61 /* Debug */,
				300592302178E07300631B61 /* Release */,
			);
			defaultConfigurationIsVisible = 0;
			defaultConfigurationName = Release;
		};
		300592312178E07300631B61 /* Build configuration list for PBXNativeTarget "starexplorerTests" */ = {
			isa = XCConfigurationList;
			buildConfigurations = (
				300592322178E07300631B61 /* Debug */,
				300592332178E07300631B61 /* Release */,
			);
			defaultConfigurationIsVisible = 0;
			defaultConfigurationName = Release;
		};
		300592342178E07300631B61 /* Build configuration list for PBXNativeTarget "starexplorerUITests" */ = {
			isa = XCConfigurationList;
			buildConfigurations = (
				300592352178E07300631B61 /* Debug */,
				300592362178E07300631B61 /* Release */,
			);
			defaultConfigurationIsVisible = 0;
			defaultConfigurationName = Release;
		};
/* End XCConfigurationList section */
	};
	rootObject = 300591FE2178E07200631B61 /* Project object */;
}
